
Microsoft Visual Studio Solution File, Format Version 12.00
# Visual Studio Version 17
VisualStudioVersion = 17.12.35527.113 d17.12
MinimumVisualStudioVersion = 10.0.40219.1
Project("{FAE04EC0-301F-11D3-BF4B-00C04F79EFBC}") = "Catering", "Catering.csproj", "{83AFA359-34D0-4F6B-B1E6-315CBD530861}"
EndProject
Project("{FAE04EC0-301F-11D3-BF4B-00C04F79EFBC}") = "Catering.Infrastructure", "..\Catering.Infrastructure\Catering.Infrastructure.csproj", "{6252DB18-86B7-4CC2-AEAC-253C8EF6B0E2}"
EndProject
Project("{FAE04EC0-301F-11D3-BF4B-00C04F79EFBC}") = "Catering.Core", "..\Catering.Core\Catering.Core.csproj", "{2291CAA2-70A4-4EA1-BC69-04B3BFD2696B}"
EndProject
Global
	GlobalSection(SolutionConfigurationPlatforms) = preSolution
		Debug|Any CPU = Debug|Any CPU
		Release|Any CPU = Release|Any CPU
	EndGlobalSection
	GlobalSection(ProjectConfigurationPlatforms) = postSolution
		{83AFA359-34D0-4F6B-B1E6-315CBD530861}.Debug|Any CPU.ActiveCfg = Debug|Any CPU
		{83AFA359-34D0-4F6B-B1E6-315CBD530861}.Debug|Any CPU.Build.0 = Debug|Any CPU
		{83AFA359-34D0-4F6B-B1E6-315CBD530861}.Release|Any CPU.ActiveCfg = Release|Any CPU
		{83AFA359-34D0-4F6B-B1E6-315CBD530861}.Release|Any CPU.Build.0 = Release|Any CPU
		{6252DB18-86B7-4CC2-AEAC-253C8EF6B0E2}.Debug|Any CPU.ActiveCfg = Debug|Any CPU
		{6252DB18-86B7-4CC2-AEAC-253C8EF6B0E2}.Debug|Any CPU.Build.0 = Debug|Any CPU
		{6252DB18-86B7-4CC2-AEAC-253C8EF6B0E2}.Release|Any CPU.ActiveCfg = Release|Any CPU
		{6252DB18-86B7-4CC2-AEAC-253C8EF6B0E2}.Release|Any CPU.Build.0 = Release|Any CPU
		{2291CAA2-70A4-4EA1-BC69-04B3BFD2696B}.Debug|Any CPU.ActiveCfg = Debug|Any CPU
		{2291CAA2-70A4-4EA1-BC69-04B3BFD2696B}.Debug|Any CPU.Build.0 = Debug|Any CPU
		{2291CAA2-70A4-4EA1-BC69-04B3BFD2696B}.Release|Any CPU.ActiveCfg = Release|Any CPU
		{2291CAA2-70A4-4EA1-BC69-04B3BFD2696B}.Release|Any CPU.Build.0 = Release|Any CPU
	EndGlobalSection
	GlobalSection(SolutionProperties) = preSolution
		HideSolutionNode = FALSE
	EndGlobalSection
EndGlobal
